
Microsoft Visual Studio Solution File, Format Version 12.00
# Visual Studio 15
VisualStudioVersion = 15.0.28307.852
MinimumVisualStudioVersion = 10.0.40219.1
Project("{FAE04EC0-301F-11D3-BF4B-00C04F79EFBC}") = "Teste", "Teste\Teste.csproj", "{6B47CF24-DBC8-4ECF-B5C2-EAAC5AE26228}"
EndProject
Global
	GlobalSection(SolutionConfigurationPlatforms) = preSolution
		Debug|Any CPU = Debug|Any CPU
		Release|Any CPU = Release|Any CPU
	EndGlobalSection
	GlobalSection(ProjectConfigurationPlatforms) = postSolution
		{6B47CF24-DBC8-4ECF-B5C2-EAAC5AE26228}.Debug|Any CPU.ActiveCfg = Debug|Any CPU
		{6B47CF24-DBC8-4ECF-B5C2-EAAC5AE26228}.Debug|Any CPU.Build.0 = Debug|Any CPU
		{6B47CF24-DBC8-4ECF-B5C2-EAAC5AE26228}.Release|Any CPU.ActiveCfg = Release|Any CPU
		{6B47CF24-DBC8-4ECF-B5C2-EAAC5AE26228}.Release|Any CPU.Build.0 = Release|Any CPU
	EndGlobalSection
	GlobalSection(SolutionProperties) = preSolution
		HideSolutionNode = FALSE
	EndGlobalSection
	GlobalSection(ExtensibilityGlobals) = postSolution
		SolutionGuid = {0103F270-DAB5-444F-B3FB-873058DF0F08}
	EndGlobalSection
EndGlobal
